
Microsoft Visual Studio Solution File, Format Version 11.00
# Visual Studio 2010
Project("{FAE04EC0-301F-11D3-BF4B-00C04F79EFBC}") = "Sprites", "Sprites\Sprites.csproj", "{2BDC8485-41CA-42D4-8FE2-17F48D9ACD4D}"
EndProject
Project("{FAE04EC0-301F-11D3-BF4B-00C04F79EFBC}") = "Yna.Android", "Yna.Android\Yna.Android.csproj", "{BD9BB2A6-5772-4709-8CE6-94A0E4D7C64A}"
EndProject
Global
	GlobalSection(SolutionConfigurationPlatforms) = preSolution
		Debug|Any CPU = Debug|Any CPU
		Release|Any CPU = Release|Any CPU
	EndGlobalSection
	GlobalSection(ProjectConfigurationPlatforms) = postSolution
		{2BDC8485-41CA-42D4-8FE2-17F48D9ACD4D}.Debug|Any CPU.ActiveCfg = Debug|Any CPU
		{2BDC8485-41CA-42D4-8FE2-17F48D9ACD4D}.Debug|Any CPU.Build.0 = Debug|Any CPU
		{2BDC8485-41CA-42D4-8FE2-17F48D9ACD4D}.Release|Any CPU.ActiveCfg = Release|Any CPU
		{2BDC8485-41CA-42D4-8FE2-17F48D9ACD4D}.Release|Any CPU.Build.0 = Release|Any CPU
		{BD9BB2A6-5772-4709-8CE6-94A0E4D7C64A}.Debug|Any CPU.ActiveCfg = Debug|Any CPU
		{BD9BB2A6-5772-4709-8CE6-94A0E4D7C64A}.Debug|Any CPU.Build.0 = Debug|Any CPU
		{BD9BB2A6-5772-4709-8CE6-94A0E4D7C64A}.Release|Any CPU.ActiveCfg = Release|Any CPU
		{BD9BB2A6-5772-4709-8CE6-94A0E4D7C64A}.Release|Any CPU.Build.0 = Release|Any CPU
	EndGlobalSection
	GlobalSection(MonoDevelopProperties) = preSolution
		StartupItem = Sprites\Sprites.csproj
	EndGlobalSection
EndGlobal
