
Microsoft Visual Studio Solution File, Format Version 12.00
# Visual Studio Express 2012 for Windows Phone
Project("{FAE04EC0-301F-11D3-BF4B-00C04F79EFBC}") = "Yna.WindowsPhone7", "Yna\Yna.WindowsPhone7.csproj", "{248413E0-47D0-44A3-BEDD-11E0200551C1}"
EndProject
Global
	GlobalSection(SolutionConfigurationPlatforms) = preSolution
		Debug|Windows Phone = Debug|Windows Phone
		Release|Windows Phone = Release|Windows Phone
	EndGlobalSection
	GlobalSection(ProjectConfigurationPlatforms) = postSolution
		{248413E0-47D0-44A3-BEDD-11E0200551C1}.Debug|Windows Phone.ActiveCfg = Debug|Windows Phone
		{248413E0-47D0-44A3-BEDD-11E0200551C1}.Debug|Windows Phone.Build.0 = Debug|Windows Phone
		{248413E0-47D0-44A3-BEDD-11E0200551C1}.Release|Windows Phone.ActiveCfg = Release|Windows Phone
		{248413E0-47D0-44A3-BEDD-11E0200551C1}.Release|Windows Phone.Build.0 = Release|Windows Phone
	EndGlobalSection
	GlobalSection(SolutionProperties) = preSolution
		HideSolutionNode = FALSE
	EndGlobalSection
EndGlobal
