
Microsoft Visual Studio Solution File, Format Version 11.00
# Visual Studio 2010 Express for Windows Phone
Project("{FAE04EC0-301F-11D3-BF4B-00C04F79EFBC}") = "Yna", "Yna\Yna.csproj", "{DE4D83AF-5F2D-465A-8682-52692A8DCE7A}"
EndProject
Project("{FAE04EC0-301F-11D3-BF4B-00C04F79EFBC}") = "Yna.Samples", "Yna.Samples\Yna.Samples\Yna.Samples.csproj", "{101CF19E-33FE-43BB-9498-94BF2E7DA53D}"
EndProject
Project("{96E2B04D-8817-42C6-938A-82C39BA4D311}") = "Yna.SamplesContent", "Yna.Samples\Yna.SamplesContent\Yna.SamplesContent.contentproj", "{8508C1C3-691A-42E2-8AFA-6B43D9DEB307}"
EndProject
Project("{FAE04EC0-301F-11D3-BF4B-00C04F79EFBC}") = "Yna.Samples3D", "Yna.Samples3D\Yna.Samples3D\Yna.Samples3D.csproj", "{A9506BE9-B184-4C63-BA0B-5F466FC44E64}"
EndProject
Project("{96E2B04D-8817-42C6-938A-82C39BA4D311}") = "Yna.Samples3DContent", "Yna.Samples3D\Yna.Samples3DContent\Yna.Samples3DContent.contentproj", "{3BB9EC11-C708-48B8-AC9D-66B2E56F60B6}"
EndProject
Global
	GlobalSection(SolutionConfigurationPlatforms) = preSolution
		Debug|x86 = Debug|x86
		Release|x86 = Release|x86
	EndGlobalSection
	GlobalSection(ProjectConfigurationPlatforms) = postSolution
		{DE4D83AF-5F2D-465A-8682-52692A8DCE7A}.Debug|x86.ActiveCfg = Debug|x86
		{DE4D83AF-5F2D-465A-8682-52692A8DCE7A}.Debug|x86.Build.0 = Debug|x86
		{DE4D83AF-5F2D-465A-8682-52692A8DCE7A}.Release|x86.ActiveCfg = Release|x86
		{DE4D83AF-5F2D-465A-8682-52692A8DCE7A}.Release|x86.Build.0 = Release|x86
		{101CF19E-33FE-43BB-9498-94BF2E7DA53D}.Debug|x86.ActiveCfg = Debug|x86
		{101CF19E-33FE-43BB-9498-94BF2E7DA53D}.Debug|x86.Build.0 = Debug|x86
		{101CF19E-33FE-43BB-9498-94BF2E7DA53D}.Release|x86.ActiveCfg = Release|x86
		{101CF19E-33FE-43BB-9498-94BF2E7DA53D}.Release|x86.Build.0 = Release|x86
		{8508C1C3-691A-42E2-8AFA-6B43D9DEB307}.Debug|x86.ActiveCfg = Debug|x86
		{8508C1C3-691A-42E2-8AFA-6B43D9DEB307}.Release|x86.ActiveCfg = Release|x86
		{A9506BE9-B184-4C63-BA0B-5F466FC44E64}.Debug|x86.ActiveCfg = Debug|x86
		{A9506BE9-B184-4C63-BA0B-5F466FC44E64}.Debug|x86.Build.0 = Debug|x86
		{A9506BE9-B184-4C63-BA0B-5F466FC44E64}.Release|x86.ActiveCfg = Release|x86
		{A9506BE9-B184-4C63-BA0B-5F466FC44E64}.Release|x86.Build.0 = Release|x86
		{3BB9EC11-C708-48B8-AC9D-66B2E56F60B6}.Debug|x86.ActiveCfg = Debug|x86
		{3BB9EC11-C708-48B8-AC9D-66B2E56F60B6}.Release|x86.ActiveCfg = Release|x86
	EndGlobalSection
	GlobalSection(SolutionProperties) = preSolution
		HideSolutionNode = FALSE
	EndGlobalSection
EndGlobal
