
Microsoft Visual Studio Solution File, Format Version 11.00
# Visual C# Express 2010
Project("{FAE04EC0-301F-11D3-BF4B-00C04F79EFBC}") = "Yna.Linux", "Yna\Yna.Linux.csproj", "{BF58CAF2-143A-420C-8C0E-11D438522C35}"
EndProject
Project("{FAE04EC0-301F-11D3-BF4B-00C04F79EFBC}") = "Yna.Samples.Linux", "Yna.Samples\Yna.Samples\Yna.Samples.Linux.csproj", "{89F8658C-8D06-40F4-8BCE-60B172C75011}"
EndProject
Project("{FAE04EC0-301F-11D3-BF4B-00C04F79EFBC}") = "Yna.Samples3D.Linux", "Yna.Samples3D\Yna.Samples3D\Yna.Samples3D.Linux.csproj", "{20A90F6E-4C79-4B2A-84C6-398EE000FCFC}"
EndProject
Global
	GlobalSection(SolutionConfigurationPlatforms) = preSolution
		Debug|x86 = Debug|x86
		Release|x86 = Release|x86
	EndGlobalSection
	GlobalSection(ProjectConfigurationPlatforms) = postSolution
		{BF58CAF2-143A-420C-8C0E-11D438522C35}.Debug|x86.ActiveCfg = Debug|x86
		{BF58CAF2-143A-420C-8C0E-11D438522C35}.Debug|x86.Build.0 = Debug|x86
		{BF58CAF2-143A-420C-8C0E-11D438522C35}.Release|x86.ActiveCfg = Release|x86
		{BF58CAF2-143A-420C-8C0E-11D438522C35}.Release|x86.Build.0 = Release|x86
		{89F8658C-8D06-40F4-8BCE-60B172C75011}.Debug|x86.ActiveCfg = Debug|x86
		{89F8658C-8D06-40F4-8BCE-60B172C75011}.Debug|x86.Build.0 = Debug|x86
		{89F8658C-8D06-40F4-8BCE-60B172C75011}.Release|x86.ActiveCfg = Release|x86
		{89F8658C-8D06-40F4-8BCE-60B172C75011}.Release|x86.Build.0 = Release|x86
		{20A90F6E-4C79-4B2A-84C6-398EE000FCFC}.Debug|x86.ActiveCfg = Debug|x86
		{20A90F6E-4C79-4B2A-84C6-398EE000FCFC}.Debug|x86.Build.0 = Debug|x86
		{20A90F6E-4C79-4B2A-84C6-398EE000FCFC}.Release|x86.ActiveCfg = Release|x86
		{20A90F6E-4C79-4B2A-84C6-398EE000FCFC}.Release|x86.Build.0 = Release|x86
	EndGlobalSection
	GlobalSection(SolutionProperties) = preSolution
		HideSolutionNode = FALSE
	EndGlobalSection
	GlobalSection(MonoDevelopProperties) = preSolution
		StartupItem = Yna.Samples\Yna.Samples\Yna.Samples.Linux.csproj
	EndGlobalSection
EndGlobal
