
Microsoft Visual Studio Solution File, Format Version 12.00
# Visual Studio 2012
Project("{FAE04EC0-301F-11D3-BF4B-00C04F79EFBC}") = "Yna", "Yna\Yna.Windows8.csproj", "{FCC2DB0F-C241-400C-AFDB-DC153DF4C433}"
EndProject
Project("{FAE04EC0-301F-11D3-BF4B-00C04F79EFBC}") = "Yna.Samples", "Yna.Samples\Yna.Samples\Yna.Samples.Windows8.csproj", "{500B29B0-6AEF-49DB-B692-A86A143692C2}"
EndProject
Project("{FAE04EC0-301F-11D3-BF4B-00C04F79EFBC}") = "Yna.Samples3D", "Yna.Samples3D\Yna.Samples3D\Yna.Samples3D.Windows8.csproj", "{6BE50E12-8776-4D21-BAD0-2EC8D4CE7EE3}"
EndProject
Global
	GlobalSection(SolutionConfigurationPlatforms) = preSolution
		Debug|ARM = Debug|ARM
		Debug|Any CPU = Debug|Any CPU
		Debug|x64 = Debug|x64
		Debug|x86 = Debug|x86
		Release|ARM = Release|ARM
		Release|Any CPU = Release|Any CPU
		Release|x64 = Release|x64
		Release|x86 = Release|x86
	EndGlobalSection
	GlobalSection(ProjectConfigurationPlatforms) = postSolution
		{500B29B0-6AEF-49DB-B692-A86A143692C2}.Debug|ARM.ActiveCfg = Debug|ARM
		{500B29B0-6AEF-49DB-B692-A86A143692C2}.Debug|ARM.Build.0 = Debug|ARM
		{500B29B0-6AEF-49DB-B692-A86A143692C2}.Debug|ARM.Deploy.0 = Debug|ARM
		{500B29B0-6AEF-49DB-B692-A86A143692C2}.Debug|Any CPU.ActiveCfg = Debug|Any CPU
		{500B29B0-6AEF-49DB-B692-A86A143692C2}.Debug|Any CPU.Build.0 = Debug|Any CPU
		{500B29B0-6AEF-49DB-B692-A86A143692C2}.Debug|Any CPU.Deploy.0 = Debug|Any CPU
		{500B29B0-6AEF-49DB-B692-A86A143692C2}.Debug|x64.ActiveCfg = Debug|x64
		{500B29B0-6AEF-49DB-B692-A86A143692C2}.Debug|x64.Build.0 = Debug|x64
		{500B29B0-6AEF-49DB-B692-A86A143692C2}.Debug|x64.Deploy.0 = Debug|x64
		{500B29B0-6AEF-49DB-B692-A86A143692C2}.Debug|x86.ActiveCfg = Debug|x86
		{500B29B0-6AEF-49DB-B692-A86A143692C2}.Debug|x86.Build.0 = Debug|x86
		{500B29B0-6AEF-49DB-B692-A86A143692C2}.Debug|x86.Deploy.0 = Debug|x86
		{500B29B0-6AEF-49DB-B692-A86A143692C2}.Release|ARM.ActiveCfg = Release|ARM
		{500B29B0-6AEF-49DB-B692-A86A143692C2}.Release|ARM.Build.0 = Release|ARM
		{500B29B0-6AEF-49DB-B692-A86A143692C2}.Release|ARM.Deploy.0 = Release|ARM
		{500B29B0-6AEF-49DB-B692-A86A143692C2}.Release|Any CPU.ActiveCfg = Release|Any CPU
		{500B29B0-6AEF-49DB-B692-A86A143692C2}.Release|Any CPU.Build.0 = Release|Any CPU
		{500B29B0-6AEF-49DB-B692-A86A143692C2}.Release|Any CPU.Deploy.0 = Release|Any CPU
		{500B29B0-6AEF-49DB-B692-A86A143692C2}.Release|x64.ActiveCfg = Release|x64
		{500B29B0-6AEF-49DB-B692-A86A143692C2}.Release|x64.Build.0 = Release|x64
		{500B29B0-6AEF-49DB-B692-A86A143692C2}.Release|x64.Deploy.0 = Release|x64
		{500B29B0-6AEF-49DB-B692-A86A143692C2}.Release|x86.ActiveCfg = Release|x86
		{500B29B0-6AEF-49DB-B692-A86A143692C2}.Release|x86.Build.0 = Release|x86
		{500B29B0-6AEF-49DB-B692-A86A143692C2}.Release|x86.Deploy.0 = Release|x86
		{6BE50E12-8776-4D21-BAD0-2EC8D4CE7EE3}.Debug|ARM.ActiveCfg = Debug|ARM
		{6BE50E12-8776-4D21-BAD0-2EC8D4CE7EE3}.Debug|ARM.Build.0 = Debug|ARM
		{6BE50E12-8776-4D21-BAD0-2EC8D4CE7EE3}.Debug|ARM.Deploy.0 = Debug|ARM
		{6BE50E12-8776-4D21-BAD0-2EC8D4CE7EE3}.Debug|Any CPU.ActiveCfg = Debug|Any CPU
		{6BE50E12-8776-4D21-BAD0-2EC8D4CE7EE3}.Debug|Any CPU.Build.0 = Debug|Any CPU
		{6BE50E12-8776-4D21-BAD0-2EC8D4CE7EE3}.Debug|Any CPU.Deploy.0 = Debug|Any CPU
		{6BE50E12-8776-4D21-BAD0-2EC8D4CE7EE3}.Debug|x64.ActiveCfg = Debug|x64
		{6BE50E12-8776-4D21-BAD0-2EC8D4CE7EE3}.Debug|x64.Build.0 = Debug|x64
		{6BE50E12-8776-4D21-BAD0-2EC8D4CE7EE3}.Debug|x64.Deploy.0 = Debug|x64
		{6BE50E12-8776-4D21-BAD0-2EC8D4CE7EE3}.Debug|x86.ActiveCfg = Debug|x86
		{6BE50E12-8776-4D21-BAD0-2EC8D4CE7EE3}.Debug|x86.Build.0 = Debug|x86
		{6BE50E12-8776-4D21-BAD0-2EC8D4CE7EE3}.Debug|x86.Deploy.0 = Debug|x86
		{6BE50E12-8776-4D21-BAD0-2EC8D4CE7EE3}.Release|ARM.ActiveCfg = Release|ARM
		{6BE50E12-8776-4D21-BAD0-2EC8D4CE7EE3}.Release|ARM.Build.0 = Release|ARM
		{6BE50E12-8776-4D21-BAD0-2EC8D4CE7EE3}.Release|ARM.Deploy.0 = Release|ARM
		{6BE50E12-8776-4D21-BAD0-2EC8D4CE7EE3}.Release|Any CPU.ActiveCfg = Release|Any CPU
		{6BE50E12-8776-4D21-BAD0-2EC8D4CE7EE3}.Release|Any CPU.Build.0 = Release|Any CPU
		{6BE50E12-8776-4D21-BAD0-2EC8D4CE7EE3}.Release|Any CPU.Deploy.0 = Release|Any CPU
		{6BE50E12-8776-4D21-BAD0-2EC8D4CE7EE3}.Release|x64.ActiveCfg = Release|x64
		{6BE50E12-8776-4D21-BAD0-2EC8D4CE7EE3}.Release|x64.Build.0 = Release|x64
		{6BE50E12-8776-4D21-BAD0-2EC8D4CE7EE3}.Release|x64.Deploy.0 = Release|x64
		{6BE50E12-8776-4D21-BAD0-2EC8D4CE7EE3}.Release|x86.ActiveCfg = Release|x86
		{6BE50E12-8776-4D21-BAD0-2EC8D4CE7EE3}.Release|x86.Build.0 = Release|x86
		{6BE50E12-8776-4D21-BAD0-2EC8D4CE7EE3}.Release|x86.Deploy.0 = Release|x86
		{FCC2DB0F-C241-400C-AFDB-DC153DF4C433}.Debug|ARM.ActiveCfg = Debug|ARM
		{FCC2DB0F-C241-400C-AFDB-DC153DF4C433}.Debug|ARM.Build.0 = Debug|ARM
		{FCC2DB0F-C241-400C-AFDB-DC153DF4C433}.Debug|Any CPU.ActiveCfg = Debug|Any CPU
		{FCC2DB0F-C241-400C-AFDB-DC153DF4C433}.Debug|Any CPU.Build.0 = Debug|Any CPU
		{FCC2DB0F-C241-400C-AFDB-DC153DF4C433}.Debug|x64.ActiveCfg = Debug|x64
		{FCC2DB0F-C241-400C-AFDB-DC153DF4C433}.Debug|x64.Build.0 = Debug|x64
		{FCC2DB0F-C241-400C-AFDB-DC153DF4C433}.Debug|x86.ActiveCfg = Debug|x86
		{FCC2DB0F-C241-400C-AFDB-DC153DF4C433}.Debug|x86.Build.0 = Debug|x86
		{FCC2DB0F-C241-400C-AFDB-DC153DF4C433}.Release|ARM.ActiveCfg = Release|ARM
		{FCC2DB0F-C241-400C-AFDB-DC153DF4C433}.Release|ARM.Build.0 = Release|ARM
		{FCC2DB0F-C241-400C-AFDB-DC153DF4C433}.Release|Any CPU.ActiveCfg = Release|Any CPU
		{FCC2DB0F-C241-400C-AFDB-DC153DF4C433}.Release|Any CPU.Build.0 = Release|Any CPU
		{FCC2DB0F-C241-400C-AFDB-DC153DF4C433}.Release|x64.ActiveCfg = Release|x64
		{FCC2DB0F-C241-400C-AFDB-DC153DF4C433}.Release|x64.Build.0 = Release|x64
		{FCC2DB0F-C241-400C-AFDB-DC153DF4C433}.Release|x86.ActiveCfg = Release|x86
		{FCC2DB0F-C241-400C-AFDB-DC153DF4C433}.Release|x86.Build.0 = Release|x86
	EndGlobalSection
	GlobalSection(SolutionProperties) = preSolution
		HideSolutionNode = FALSE
	EndGlobalSection
EndGlobal
