
Microsoft Visual Studio Solution File, Format Version 12.00
# Visual Studio 2012
Project("{FAE04EC0-301F-11D3-BF4B-00C04F79EFBC}") = "Yna", "Yna\Yna.Linux.csproj", "{F05F30FF-7CA3-4422-9A4E-14B7D1BB2898}"
EndProject
Project("{FAE04EC0-301F-11D3-BF4B-00C04F79EFBC}") = "Yna.Samples", "Yna.Samples\Yna.Samples\Yna.Samples.Linux.csproj", "{B7E09EF1-499A-4EFA-ACE6-5C69F5A7E7BC}"
EndProject
Project("{FAE04EC0-301F-11D3-BF4B-00C04F79EFBC}") = "Yna.Samples3D", "Yna.Samples3D\Yna.Samples3D\Yna.Samples3D.Linux.csproj", "{9A124879-9B6C-4550-BB67-92C917A24E75}"
EndProject
Global
	GlobalSection(SolutionConfigurationPlatforms) = preSolution
		Debug|Any CPU = Debug|Any CPU
		Release|Any CPU = Release|Any CPU
	EndGlobalSection
	GlobalSection(ProjectConfigurationPlatforms) = postSolution
		{9A124879-9B6C-4550-BB67-92C917A24E75}.Debug|Any CPU.ActiveCfg = Debug|Any CPU
		{9A124879-9B6C-4550-BB67-92C917A24E75}.Debug|Any CPU.Build.0 = Debug|Any CPU
		{9A124879-9B6C-4550-BB67-92C917A24E75}.Release|Any CPU.ActiveCfg = Release|Any CPU
		{9A124879-9B6C-4550-BB67-92C917A24E75}.Release|Any CPU.Build.0 = Release|Any CPU
		{B7E09EF1-499A-4EFA-ACE6-5C69F5A7E7BC}.Debug|Any CPU.ActiveCfg = Debug|Any CPU
		{B7E09EF1-499A-4EFA-ACE6-5C69F5A7E7BC}.Debug|Any CPU.Build.0 = Debug|Any CPU
		{B7E09EF1-499A-4EFA-ACE6-5C69F5A7E7BC}.Release|Any CPU.ActiveCfg = Release|Any CPU
		{B7E09EF1-499A-4EFA-ACE6-5C69F5A7E7BC}.Release|Any CPU.Build.0 = Release|Any CPU
		{F05F30FF-7CA3-4422-9A4E-14B7D1BB2898}.Debug|Any CPU.ActiveCfg = Debug|Any CPU
		{F05F30FF-7CA3-4422-9A4E-14B7D1BB2898}.Debug|Any CPU.Build.0 = Debug|Any CPU
		{F05F30FF-7CA3-4422-9A4E-14B7D1BB2898}.Release|Any CPU.ActiveCfg = Release|Any CPU
		{F05F30FF-7CA3-4422-9A4E-14B7D1BB2898}.Release|Any CPU.Build.0 = Release|Any CPU
	EndGlobalSection
	GlobalSection(SolutionProperties) = preSolution
		HideSolutionNode = FALSE
	EndGlobalSection
EndGlobal
