
Microsoft Visual Studio Solution File, Format Version 11.00
# Visual Studio 2010
Project("{FAE04EC0-301F-11D3-BF4B-00C04F79EFBC}") = "Terrains.SDL2", "Terrains\Terrains.SDL2.csproj", "{5767A6BF-125F-47DE-9B08-C9A50DB565EA}"
EndProject
Project("{FAE04EC0-301F-11D3-BF4B-00C04F79EFBC}") = "Sprites.SDL2", "Sprites\Sprites.SDL2.csproj", "{362CA59D-C9C0-4404-A7DF-1AF518F0C31B}"
EndProject
Project("{FAE04EC0-301F-11D3-BF4B-00C04F79EFBC}") = "Tilemap.SDL2", "Tilemap\Tilemap.SDL2.csproj", "{BE9C6A2C-7868-41DA-88ED-1CC5D63B1235}"
EndProject
Project("{FAE04EC0-301F-11D3-BF4B-00C04F79EFBC}") = "Yna.SDL2", "..\Engine\Yna.SDL2.csproj", "{BF58CAF2-143A-420C-8C0E-11D438522C35}"
EndProject
Project("{FAE04EC0-301F-11D3-BF4B-00C04F79EFBC}") = "Storage.SDL2", "Storage\Storage.SDL2.csproj", "{67CAFEAC-FF0E-48E8-8A7B-83CB050B164C}"
EndProject
Project("{FAE04EC0-301F-11D3-BF4B-00C04F79EFBC}") = "Models3D.SDL2", "Models3D\Models3D.SDL2.csproj", "{EB068317-21C8-44D3-9F77-32AE7D47DB2C}"
EndProject
Project("{FAE04EC0-301F-11D3-BF4B-00C04F79EFBC}") = "Gui.SDL2", "Gui\Gui.SDL2.csproj", "{34B95895-01B8-4BDF-9C7F-B1BE1B12552C}"
EndProject
Project("{FAE04EC0-301F-11D3-BF4B-00C04F79EFBC}") = "Shapes.SDL2", "Shapes\Shapes.SDL2.csproj", "{2E5F76AD-573F-4833-A2DE-4DCED2940B80}"
EndProject
Global
	GlobalSection(SolutionConfigurationPlatforms) = preSolution
		Debug|Mixed Platforms = Debug|Mixed Platforms
		Debug|x86 = Debug|x86
		Release|Mixed Platforms = Release|Mixed Platforms
		Release|x86 = Release|x86
	EndGlobalSection
	GlobalSection(ProjectConfigurationPlatforms) = postSolution
		{2E5F76AD-573F-4833-A2DE-4DCED2940B80}.Debug|Mixed Platforms.ActiveCfg = Debug|Any CPU
		{2E5F76AD-573F-4833-A2DE-4DCED2940B80}.Debug|Mixed Platforms.Build.0 = Debug|Any CPU
		{2E5F76AD-573F-4833-A2DE-4DCED2940B80}.Debug|x86.ActiveCfg = Debug|Any CPU
		{2E5F76AD-573F-4833-A2DE-4DCED2940B80}.Debug|x86.Build.0 = Debug|Any CPU
		{2E5F76AD-573F-4833-A2DE-4DCED2940B80}.Release|Mixed Platforms.ActiveCfg = Release|Any CPU
		{2E5F76AD-573F-4833-A2DE-4DCED2940B80}.Release|Mixed Platforms.Build.0 = Release|Any CPU
		{2E5F76AD-573F-4833-A2DE-4DCED2940B80}.Release|x86.ActiveCfg = Release|Any CPU
		{2E5F76AD-573F-4833-A2DE-4DCED2940B80}.Release|x86.Build.0 = Release|Any CPU
		{34B95895-01B8-4BDF-9C7F-B1BE1B12552C}.Debug|Mixed Platforms.ActiveCfg = Debug|Any CPU
		{34B95895-01B8-4BDF-9C7F-B1BE1B12552C}.Debug|Mixed Platforms.Build.0 = Debug|Any CPU
		{34B95895-01B8-4BDF-9C7F-B1BE1B12552C}.Debug|x86.ActiveCfg = Debug|Any CPU
		{34B95895-01B8-4BDF-9C7F-B1BE1B12552C}.Debug|x86.Build.0 = Debug|Any CPU
		{34B95895-01B8-4BDF-9C7F-B1BE1B12552C}.Release|Mixed Platforms.ActiveCfg = Release|Any CPU
		{34B95895-01B8-4BDF-9C7F-B1BE1B12552C}.Release|Mixed Platforms.Build.0 = Release|Any CPU
		{34B95895-01B8-4BDF-9C7F-B1BE1B12552C}.Release|x86.ActiveCfg = Release|Any CPU
		{34B95895-01B8-4BDF-9C7F-B1BE1B12552C}.Release|x86.Build.0 = Release|Any CPU
		{362CA59D-C9C0-4404-A7DF-1AF518F0C31B}.Debug|Mixed Platforms.ActiveCfg = Debug|x86
		{362CA59D-C9C0-4404-A7DF-1AF518F0C31B}.Debug|Mixed Platforms.Build.0 = Debug|x86
		{362CA59D-C9C0-4404-A7DF-1AF518F0C31B}.Debug|x86.ActiveCfg = Debug|x86
		{362CA59D-C9C0-4404-A7DF-1AF518F0C31B}.Debug|x86.Build.0 = Debug|x86
		{362CA59D-C9C0-4404-A7DF-1AF518F0C31B}.Release|Mixed Platforms.ActiveCfg = Release|x86
		{362CA59D-C9C0-4404-A7DF-1AF518F0C31B}.Release|Mixed Platforms.Build.0 = Release|x86
		{362CA59D-C9C0-4404-A7DF-1AF518F0C31B}.Release|x86.ActiveCfg = Release|x86
		{362CA59D-C9C0-4404-A7DF-1AF518F0C31B}.Release|x86.Build.0 = Release|x86
		{5767A6BF-125F-47DE-9B08-C9A50DB565EA}.Debug|Mixed Platforms.ActiveCfg = Debug|x86
		{5767A6BF-125F-47DE-9B08-C9A50DB565EA}.Debug|Mixed Platforms.Build.0 = Debug|x86
		{5767A6BF-125F-47DE-9B08-C9A50DB565EA}.Debug|x86.ActiveCfg = Debug|x86
		{5767A6BF-125F-47DE-9B08-C9A50DB565EA}.Debug|x86.Build.0 = Debug|x86
		{5767A6BF-125F-47DE-9B08-C9A50DB565EA}.Release|Mixed Platforms.ActiveCfg = Release|x86
		{5767A6BF-125F-47DE-9B08-C9A50DB565EA}.Release|Mixed Platforms.Build.0 = Release|x86
		{5767A6BF-125F-47DE-9B08-C9A50DB565EA}.Release|x86.ActiveCfg = Release|x86
		{5767A6BF-125F-47DE-9B08-C9A50DB565EA}.Release|x86.Build.0 = Release|x86
		{67CAFEAC-FF0E-48E8-8A7B-83CB050B164C}.Debug|Mixed Platforms.ActiveCfg = Debug|Any CPU
		{67CAFEAC-FF0E-48E8-8A7B-83CB050B164C}.Debug|Mixed Platforms.Build.0 = Debug|Any CPU
		{67CAFEAC-FF0E-48E8-8A7B-83CB050B164C}.Debug|x86.ActiveCfg = Debug|Any CPU
		{67CAFEAC-FF0E-48E8-8A7B-83CB050B164C}.Debug|x86.Build.0 = Debug|Any CPU
		{67CAFEAC-FF0E-48E8-8A7B-83CB050B164C}.Release|Mixed Platforms.ActiveCfg = Release|Any CPU
		{67CAFEAC-FF0E-48E8-8A7B-83CB050B164C}.Release|Mixed Platforms.Build.0 = Release|Any CPU
		{67CAFEAC-FF0E-48E8-8A7B-83CB050B164C}.Release|x86.ActiveCfg = Release|Any CPU
		{67CAFEAC-FF0E-48E8-8A7B-83CB050B164C}.Release|x86.Build.0 = Release|Any CPU
		{BE9C6A2C-7868-41DA-88ED-1CC5D63B1235}.Debug|Mixed Platforms.ActiveCfg = Debug|x86
		{BE9C6A2C-7868-41DA-88ED-1CC5D63B1235}.Debug|Mixed Platforms.Build.0 = Debug|x86
		{BE9C6A2C-7868-41DA-88ED-1CC5D63B1235}.Debug|x86.ActiveCfg = Debug|x86
		{BE9C6A2C-7868-41DA-88ED-1CC5D63B1235}.Debug|x86.Build.0 = Debug|x86
		{BE9C6A2C-7868-41DA-88ED-1CC5D63B1235}.Release|Mixed Platforms.ActiveCfg = Release|x86
		{BE9C6A2C-7868-41DA-88ED-1CC5D63B1235}.Release|Mixed Platforms.Build.0 = Release|x86
		{BE9C6A2C-7868-41DA-88ED-1CC5D63B1235}.Release|x86.ActiveCfg = Release|x86
		{BE9C6A2C-7868-41DA-88ED-1CC5D63B1235}.Release|x86.Build.0 = Release|x86
		{BF58CAF2-143A-420C-8C0E-11D438522C35}.Debug|Mixed Platforms.ActiveCfg = Debug|x86
		{BF58CAF2-143A-420C-8C0E-11D438522C35}.Debug|Mixed Platforms.Build.0 = Debug|x86
		{BF58CAF2-143A-420C-8C0E-11D438522C35}.Debug|x86.ActiveCfg = Debug|x86
		{BF58CAF2-143A-420C-8C0E-11D438522C35}.Debug|x86.Build.0 = Debug|x86
		{BF58CAF2-143A-420C-8C0E-11D438522C35}.Release|Mixed Platforms.ActiveCfg = Release|x86
		{BF58CAF2-143A-420C-8C0E-11D438522C35}.Release|Mixed Platforms.Build.0 = Release|x86
		{BF58CAF2-143A-420C-8C0E-11D438522C35}.Release|x86.ActiveCfg = Release|x86
		{BF58CAF2-143A-420C-8C0E-11D438522C35}.Release|x86.Build.0 = Release|x86
		{EB068317-21C8-44D3-9F77-32AE7D47DB2C}.Debug|Mixed Platforms.ActiveCfg = Debug|Any CPU
		{EB068317-21C8-44D3-9F77-32AE7D47DB2C}.Debug|Mixed Platforms.Build.0 = Debug|Any CPU
		{EB068317-21C8-44D3-9F77-32AE7D47DB2C}.Debug|x86.ActiveCfg = Debug|Any CPU
		{EB068317-21C8-44D3-9F77-32AE7D47DB2C}.Debug|x86.Build.0 = Debug|Any CPU
		{EB068317-21C8-44D3-9F77-32AE7D47DB2C}.Release|Mixed Platforms.ActiveCfg = Release|Any CPU
		{EB068317-21C8-44D3-9F77-32AE7D47DB2C}.Release|Mixed Platforms.Build.0 = Release|Any CPU
		{EB068317-21C8-44D3-9F77-32AE7D47DB2C}.Release|x86.ActiveCfg = Release|Any CPU
		{EB068317-21C8-44D3-9F77-32AE7D47DB2C}.Release|x86.Build.0 = Release|Any CPU
	EndGlobalSection
	GlobalSection(MonoDevelopProperties) = preSolution
		StartupItem = Terrains\Terrains.SDL2.csproj
		Policies = $0
		$0.DotNetNamingPolicy = $1
		$1.DirectoryNamespaceAssociation = None
		$1.ResourceNamePolicy = FileFormatDefault
		$0.StandardHeader = $2
		$2.Text = 
		$2.IncludeInNewFiles = True
	EndGlobalSection
	GlobalSection(SolutionProperties) = preSolution
		HideSolutionNode = FALSE
	EndGlobalSection
EndGlobal
